hash: 7635088b255749798a60e5f5d5cc05e79885e9d9c97b3c92066a62ccb0858cc7
updated: 2018-06-12T19:31:01.070510134-07:00
imports:
- name: cloud.google.com/go
  version: 0fd7230b2a7505833d5f69b75cbd6c9582401479
  subpackages:
  - compute/metadata
  - datastore
  - internal
  - internal/atomiccache
  - internal/fields
  - internal/trace
  - internal/version
- name: github.com/asaskevich/govalidator
  version: 7d2e70ef918f16bd6455529af38304d6d025c952
- name: github.com/go-openapi/analysis
  version: 5957818e100395077187fb7ef3b8a28227af06c6
- name: github.com/go-openapi/errors
  version: b2b2befaf267d082d779bcef52d682a47c779517
- name: github.com/go-openapi/jsonpointer
  version: 46af16f9f7b149af66e5d1bd010e3574dc06de98
- name: github.com/go-openapi/jsonreference
  version: 13c6e3589ad90f49bd3e3bbe2c2cb3d7a4142272
- name: github.com/go-openapi/loads
  version: 2a2b323bab96e6b1fdee110e57d959322446e9c9
- name: github.com/go-openapi/runtime
  version: c0cae94704c76c8643896d8054080f91e920105b
  subpackages:
  - client
  - logger
  - middleware
  - middleware/denco
  - middleware/header
  - middleware/untyped
  - security
- name: github.com/go-openapi/spec
  version: 7abd5745472fff5eb3685386d5fb8bf38683154d
- name: github.com/go-openapi/strfmt
  version: 481808443b00a14745fada967cb5eeff0f9b1df2
- name: github.com/go-openapi/swag
  version: f3f9494671f93fcff853e3c6e9e948b3eb71e590
- name: github.com/go-openapi/validate
  version: b0a3ed684d0fdd3e1eda00433382188ce8aa7169
- name: github.com/golang/protobuf
  version: 1643683e1b54a9e88ad26d98f81400c8c9d9f4f9
  subpackages:
  - proto
  - protoc-gen-go/descriptor
  - ptypes
  - ptypes/any
  - ptypes/duration
  - ptypes/struct
  - ptypes/timestamp
  - ptypes/wrappers
- name: github.com/googleapis/gax-go
  version: 254b60fe060127b9fd3c420fadd0906bf0382227
- name: github.com/mailru/easyjson
  version: 2f5df55504ebc322e4d52d34df6a1f5b503bf26d
  subpackages:
  - buffer
  - jlexer
  - jwriter
- name: github.com/mitchellh/mapstructure
  version: 00c29f56e2386353d58c599509e8dc3801b0d716
- name: github.com/PuerkitoBio/purell
  version: 8a290539e2e8629dbc4e6bad948158f790ec31f4
- name: github.com/PuerkitoBio/urlesc
  version: 5bd2802263f21d8788851d5305584c82a5c75d7e
- name: github.com/theatrus/mediate
  version: 5ef657d6d16033840e66dab2e1e48e233ccf0bc2
- name: github.com/theatrus/ooauth2
  version: 69d8603ed24330f91b27ca59b193dedab06fe73f
- name: go.opencensus.io
  version: 6edeb78af2d9e4f169abb223feaef35da2e45d06
  subpackages:
  - internal
  - internal/tagencoding
  - plugin/ocgrpc
  - stats
  - stats/internal
  - stats/view
  - tag
  - trace
  - trace/internal
  - trace/propagation
- name: golang.org/x/net
  version: 1c05540f6879653db88113bc4a2b70aec4bd491f
  subpackages:
  - context
  - context/ctxhttp
  - http2
  - http2/hpack
  - idna
  - internal/timeseries
  - lex/httplex
  - trace
- name: golang.org/x/oauth2
  version: fdc9e635145ae97e6c2cb777c48305600cf515cb
  subpackages:
  - google
  - internal
  - jws
  - jwt
- name: golang.org/x/text
  version: b19bf474d317b857955b12035d2c5acb57ce8b01
  subpackages:
  - cases
  - internal
  - internal/tag
  - language
  - runes
  - secure/bidirule
  - secure/precis
  - transform
  - unicode/bidi
  - unicode/norm
  - width
- name: google.golang.org/api
  version: 24928b980e6919be4c72647aacd53ebcbb8c4bab
  subpackages:
  - googleapi
  - googleapi/internal/uritemplates
  - internal
  - iterator
  - option
  - transport/grpc
- name: google.golang.org/appengine
  version: 5bee14b453b4c71be47ec1781b0fa61c2ea182db
  subpackages:
  - internal
  - internal/app_identity
  - internal/base
  - internal/datastore
  - internal/log
  - internal/modules
  - internal/remote_api
  - internal/socket
  - internal/urlfetch
  - socket
  - urlfetch
- name: google.golang.org/genproto
  version: f8c8703595236ae70fdf8789ecb656ea0bcdcf46
  subpackages:
  - googleapis/api/annotations
  - googleapis/datastore/v1
  - googleapis/rpc/code
  - googleapis/rpc/status
  - googleapis/type/latlng
- name: google.golang.org/grpc
  version: d11072e7ca9811b1100b80ca0269ac831f06d024
  subpackages:
  - balancer
  - balancer/base
  - balancer/roundrobin
  - codes
  - connectivity
  - credentials
  - credentials/oauth
  - encoding
  - encoding/proto
  - grpclb/grpc_lb_v1/messages
  - grpclog
  - internal
  - keepalive
  - metadata
  - naming
  - peer
  - resolver
  - resolver/dns
  - resolver/passthrough
  - stats
  - status
  - tap
  - transport
- name: gopkg.in/mgo.v2
  version: 3f83fa5005286a7fe593b055f0d7771a7dce4655
  subpackages:
  - bson
  - internal/json
- name: gopkg.in/yaml.v2
  version: 5420a8b6744d3b0345ab293f6fcba19c978f1183
testImports: []
